
Microsoft Visual Studio Solution File, Format Version 11.00
# Visual Studio 2010
Project("{FAE04EC0-301F-11D3-BF4B-00C04F79EFBC}") = "Assembly-CSharp-firstpass", "Assembly-CSharp-firstpass.csproj", "{42C108F3-EAEA-C170-8F5C-F7D0F9406DF6}"
EndProject
Project("{FAE04EC0-301F-11D3-BF4B-00C04F79EFBC}") = "Assembly-CSharp", "Assembly-CSharp.csproj", "{7FC4D1F6-4B77-CEAF-F0D0-EBE64339CD74}"
EndProject
Project("{FAE04EC0-301F-11D3-BF4B-00C04F79EFBC}") = "Assembly-CSharp-Editor-firstpass", "Assembly-CSharp-Editor-firstpass.csproj", "{4BFCEED5-60BD-DF84-7515-54288ADAE1D7}"
EndProject
Global
	GlobalSection(SolutionConfigurationPlatforms) = preSolution
		Debug|Any CPU = Debug|Any CPU
		Release|Any CPU = Release|Any CPU
	EndGlobalSection
	GlobalSection(ProjectConfigurationPlatforms) = postSolution
		{42C108F3-EAEA-C170-8F5C-F7D0F9406DF6}.Debug|Any CPU.ActiveCfg = Debug|Any CPU
		{42C108F3-EAEA-C170-8F5C-F7D0F9406DF6}.Debug|Any CPU.Build.0 = Debug|Any CPU
		{42C108F3-EAEA-C170-8F5C-F7D0F9406DF6}.Release|Any CPU.ActiveCfg = Release|Any CPU
		{42C108F3-EAEA-C170-8F5C-F7D0F9406DF6}.Release|Any CPU.Build.0 = Release|Any CPU
		{7FC4D1F6-4B77-CEAF-F0D0-EBE64339CD74}.Debug|Any CPU.ActiveCfg = Debug|Any CPU
		{7FC4D1F6-4B77-CEAF-F0D0-EBE64339CD74}.Debug|Any CPU.Build.0 = Debug|Any CPU
		{7FC4D1F6-4B77-CEAF-F0D0-EBE64339CD74}.Release|Any CPU.ActiveCfg = Release|Any CPU
		{7FC4D1F6-4B77-CEAF-F0D0-EBE64339CD74}.Release|Any CPU.Build.0 = Release|Any CPU
		{4BFCEED5-60BD-DF84-7515-54288ADAE1D7}.Debug|Any CPU.ActiveCfg = Debug|Any CPU
		{4BFCEED5-60BD-DF84-7515-54288ADAE1D7}.Debug|Any CPU.Build.0 = Debug|Any CPU
		{4BFCEED5-60BD-DF84-7515-54288ADAE1D7}.Release|Any CPU.ActiveCfg = Release|Any CPU
		{4BFCEED5-60BD-DF84-7515-54288ADAE1D7}.Release|Any CPU.Build.0 = Release|Any CPU
	EndGlobalSection
	GlobalSection(SolutionProperties) = preSolution
		HideSolutionNode = FALSE
	EndGlobalSection
EndGlobal
